
Microsoft Visual Studio Solution File, Format Version 12.00
# Visual Studio Version 17
VisualStudioVersion = 17.2.32630.192
MinimumVisualStudioVersion = 10.0.40219.1
Project("{9A19103F-16F7-4668-BE54-9A1E7A4F7556}") = "GFood_CaseStudy.Core", "GFood_CaseStudy.Core\GFood_CaseStudy.Core.csproj", "{FE1678F2-A293-4A4D-A77F-E3F8BC9BD012}"
EndProject
Project("{9A19103F-16F7-4668-BE54-9A1E7A4F7556}") = "GFood_CaseStudy.DataAccess", "GFood_CaseStudy.DataAccess\GFood_CaseStudy.DataAccess.csproj", "{333C17DA-A933-4AAB-82ED-42B6B22F262B}"
EndProject
Project("{9A19103F-16F7-4668-BE54-9A1E7A4F7556}") = "GFood_CaseStudy.Entities", "GFood_CaseStudy.Entities\GFood_CaseStudy.Entities.csproj", "{BE06E491-787B-4736-9D13-3C2517FBA592}"
EndProject
Project("{9A19103F-16F7-4668-BE54-9A1E7A4F7556}") = "GFood_CaseStudy.Business", "GFood_CaseStudy.Business\GFood_CaseStudy.Business.csproj", "{975C33B6-518B-4F1F-8103-5C60B0E6F533}"
EndProject
Project("{9A19103F-16F7-4668-BE54-9A1E7A4F7556}") = "GFood_CaseStudy.TestAPI", "GFood_CaseStudy.TestAPI\GFood_CaseStudy.TestAPI.csproj", "{33FC012B-3A75-44CB-B632-192949E3DE50}"
EndProject
Project("{FAE04EC0-301F-11D3-BF4B-00C04F79EFBC}") = "GFood_CaseStudy.ProductAPI", "GFood_CaseStudy.ProductAPI\GFood_CaseStudy.ProductAPI.csproj", "{968D789C-631A-46EC-A051-226151BA1699}"
EndProject
Project("{FAE04EC0-301F-11D3-BF4B-00C04F79EFBC}") = "GFood_CaseStudy.CampaignAPI", "GFood_CaseStudy.CampaignAPI\GFood_CaseStudy.CampaignAPI.csproj", "{D31A28E5-2AC7-4A9E-AC30-863AC10D0C8D}"
EndProject
Project("{FAE04EC0-301F-11D3-BF4B-00C04F79EFBC}") = "GFood_CaseStudy.AddProductAPI", "GFood_CaseStudy.AddProductAPI\GFood_CaseStudy.AddProductAPI.csproj", "{60D9F054-6BDE-4486-B6AB-442C4EEDB1FE}"
EndProject
Project("{FAE04EC0-301F-11D3-BF4B-00C04F79EFBC}") = "GFood_CaseStudy.GetBasketAPI", "GFood_CaseStudy.GetBasketAPI\GFood_CaseStudy.GetBasketAPI.csproj", "{4E5DD36B-2577-4BEA-900B-9506EA1608B8}"
EndProject
Project("{FAE04EC0-301F-11D3-BF4B-00C04F79EFBC}") = "GFood_CaseStudy.ChooseCampaignAPI", "GFood_CaseStudy.ChooseCampaignAPI\GFood_CaseStudy.ChooseCampaignAPI.csproj", "{0B117507-F61B-48C0-B8CB-D4A78A8ACA30}"
EndProject
Project("{FAE04EC0-301F-11D3-BF4B-00C04F79EFBC}") = "GFood_CaseStudy.CreateBasketAPI", "GFood_CaseStudy.CreateBasketAPI\GFood_CaseStudy.CreateBasketAPI.csproj", "{95F182AB-AB51-4344-A474-737AC28823A4}"
EndProject
Global
	GlobalSection(SolutionConfigurationPlatforms) = preSolution
		Debug|Any CPU = Debug|Any CPU
		Release|Any CPU = Release|Any CPU
	EndGlobalSection
	GlobalSection(ProjectConfigurationPlatforms) = postSolution
		{FE1678F2-A293-4A4D-A77F-E3F8BC9BD012}.Debug|Any CPU.ActiveCfg = Debug|Any CPU
		{FE1678F2-A293-4A4D-A77F-E3F8BC9BD012}.Debug|Any CPU.Build.0 = Debug|Any CPU
		{FE1678F2-A293-4A4D-A77F-E3F8BC9BD012}.Release|Any CPU.ActiveCfg = Release|Any CPU
		{FE1678F2-A293-4A4D-A77F-E3F8BC9BD012}.Release|Any CPU.Build.0 = Release|Any CPU
		{333C17DA-A933-4AAB-82ED-42B6B22F262B}.Debug|Any CPU.ActiveCfg = Debug|Any CPU
		{333C17DA-A933-4AAB-82ED-42B6B22F262B}.Debug|Any CPU.Build.0 = Debug|Any CPU
		{333C17DA-A933-4AAB-82ED-42B6B22F262B}.Release|Any CPU.ActiveCfg = Release|Any CPU
		{333C17DA-A933-4AAB-82ED-42B6B22F262B}.Release|Any CPU.Build.0 = Release|Any CPU
		{BE06E491-787B-4736-9D13-3C2517FBA592}.Debug|Any CPU.ActiveCfg = Debug|Any CPU
		{BE06E491-787B-4736-9D13-3C2517FBA592}.Debug|Any CPU.Build.0 = Debug|Any CPU
		{BE06E491-787B-4736-9D13-3C2517FBA592}.Release|Any CPU.ActiveCfg = Release|Any CPU
		{BE06E491-787B-4736-9D13-3C2517FBA592}.Release|Any CPU.Build.0 = Release|Any CPU
		{975C33B6-518B-4F1F-8103-5C60B0E6F533}.Debug|Any CPU.ActiveCfg = Debug|Any CPU
		{975C33B6-518B-4F1F-8103-5C60B0E6F533}.Debug|Any CPU.Build.0 = Debug|Any CPU
		{975C33B6-518B-4F1F-8103-5C60B0E6F533}.Release|Any CPU.ActiveCfg = Release|Any CPU
		{975C33B6-518B-4F1F-8103-5C60B0E6F533}.Release|Any CPU.Build.0 = Release|Any CPU
		{33FC012B-3A75-44CB-B632-192949E3DE50}.Debug|Any CPU.ActiveCfg = Debug|Any CPU
		{33FC012B-3A75-44CB-B632-192949E3DE50}.Debug|Any CPU.Build.0 = Debug|Any CPU
		{33FC012B-3A75-44CB-B632-192949E3DE50}.Release|Any CPU.ActiveCfg = Release|Any CPU
		{33FC012B-3A75-44CB-B632-192949E3DE50}.Release|Any CPU.Build.0 = Release|Any CPU
		{968D789C-631A-46EC-A051-226151BA1699}.Debug|Any CPU.ActiveCfg = Debug|Any CPU
		{968D789C-631A-46EC-A051-226151BA1699}.Debug|Any CPU.Build.0 = Debug|Any CPU
		{968D789C-631A-46EC-A051-226151BA1699}.Release|Any CPU.ActiveCfg = Release|Any CPU
		{968D789C-631A-46EC-A051-226151BA1699}.Release|Any CPU.Build.0 = Release|Any CPU
		{D31A28E5-2AC7-4A9E-AC30-863AC10D0C8D}.Debug|Any CPU.ActiveCfg = Debug|Any CPU
		{D31A28E5-2AC7-4A9E-AC30-863AC10D0C8D}.Debug|Any CPU.Build.0 = Debug|Any CPU
		{D31A28E5-2AC7-4A9E-AC30-863AC10D0C8D}.Release|Any CPU.ActiveCfg = Release|Any CPU
		{D31A28E5-2AC7-4A9E-AC30-863AC10D0C8D}.Release|Any CPU.Build.0 = Release|Any CPU
		{60D9F054-6BDE-4486-B6AB-442C4EEDB1FE}.Debug|Any CPU.ActiveCfg = Debug|Any CPU
		{60D9F054-6BDE-4486-B6AB-442C4EEDB1FE}.Debug|Any CPU.Build.0 = Debug|Any CPU
		{60D9F054-6BDE-4486-B6AB-442C4EEDB1FE}.Release|Any CPU.ActiveCfg = Release|Any CPU
		{60D9F054-6BDE-4486-B6AB-442C4EEDB1FE}.Release|Any CPU.Build.0 = Release|Any CPU
		{4E5DD36B-2577-4BEA-900B-9506EA1608B8}.Debug|Any CPU.ActiveCfg = Debug|Any CPU
		{4E5DD36B-2577-4BEA-900B-9506EA1608B8}.Debug|Any CPU.Build.0 = Debug|Any CPU
		{4E5DD36B-2577-4BEA-900B-9506EA1608B8}.Release|Any CPU.ActiveCfg = Release|Any CPU
		{4E5DD36B-2577-4BEA-900B-9506EA1608B8}.Release|Any CPU.Build.0 = Release|Any CPU
		{0B117507-F61B-48C0-B8CB-D4A78A8ACA30}.Debug|Any CPU.ActiveCfg = Debug|Any CPU
		{0B117507-F61B-48C0-B8CB-D4A78A8ACA30}.Debug|Any CPU.Build.0 = Debug|Any CPU
		{0B117507-F61B-48C0-B8CB-D4A78A8ACA30}.Release|Any CPU.ActiveCfg = Release|Any CPU
		{0B117507-F61B-48C0-B8CB-D4A78A8ACA30}.Release|Any CPU.Build.0 = Release|Any CPU
		{95F182AB-AB51-4344-A474-737AC28823A4}.Debug|Any CPU.ActiveCfg = Debug|Any CPU
		{95F182AB-AB51-4344-A474-737AC28823A4}.Debug|Any CPU.Build.0 = Debug|Any CPU
		{95F182AB-AB51-4344-A474-737AC28823A4}.Release|Any CPU.ActiveCfg = Release|Any CPU
		{95F182AB-AB51-4344-A474-737AC28823A4}.Release|Any CPU.Build.0 = Release|Any CPU
	EndGlobalSection
	GlobalSection(SolutionProperties) = preSolution
		HideSolutionNode = FALSE
	EndGlobalSection
	GlobalSection(ExtensibilityGlobals) = postSolution
		SolutionGuid = {285F22BF-929F-438A-849C-F29EF8D135E6}
	EndGlobalSection
EndGlobal
